# This file is automatically @generated by Poetry 1.5.1 and should not be changed by hand.

[[package]]
name = "django-test"
version = "0.4030"
description = "UNKNOWN"
optional = false
python-versions = "*"
files = [
    {file = "django-test-0.4030.tar.gz", hash = "sha256:68e91cb474da99b2c08e53959bc9df27e471a944e03102b9a145214f7e492a4f"},
]

[metadata]
lock-version = "2.0"
python-versions = "^3.11"
content-hash = "13d162fb0780ab40cb8aefc6da23bacfe16e7941e62340c415b860446681370d"
